
Microsoft Visual Studio Solution File, Format Version 12.00
# Visual Studio Version 17
VisualStudioVersion = 17.14.36203.30 d17.14
MinimumVisualStudioVersion = 10.0.40219.1
Project("{FAE04EC0-301F-11D3-BF4B-00C04F79EFBC}") = "FinancialForecasting", "FinancialForecasting\FinancialForecasting.csproj", "{D5F0CCBE-C297-4F93-B516-D162E45B4EED}"
EndProject
Global
	GlobalSection(SolutionConfigurationPlatforms) = preSolution
		Debug|Any CPU = Debug|Any CPU
		Release|Any CPU = Release|Any CPU
	EndGlobalSection
	GlobalSection(ProjectConfigurationPlatforms) = postSolution
		{D5F0CCBE-C297-4F93-B516-D162E45B4EED}.Debug|Any CPU.ActiveCfg = Debug|Any CPU
		{D5F0CCBE-C297-4F93-B516-D162E45B4EED}.Debug|Any CPU.Build.0 = Debug|Any CPU
		{D5F0CCBE-C297-4F93-B516-D162E45B4EED}.Release|Any CPU.ActiveCfg = Release|Any CPU
		{D5F0CCBE-C297-4F93-B516-D162E45B4EED}.Release|Any CPU.Build.0 = Release|Any CPU
	EndGlobalSection
	GlobalSection(SolutionProperties) = preSolution
		HideSolutionNode = FALSE
	EndGlobalSection
	GlobalSection(ExtensibilityGlobals) = postSolution
		SolutionGuid = {BCF726BC-1A8D-482B-A838-3B4BEFDB813E}
	EndGlobalSection
EndGlobal
