
Microsoft Visual Studio Solution File, Format Version 12.00
# Visual Studio Version 17
VisualStudioVersion = 17.14.36221.1 d17.14
MinimumVisualStudioVersion = 10.0.40219.1
Project("{FAE04EC0-301F-11D3-BF4B-00C04F79EFBC}") = "KafkaChatPublisher", "KafkaChatPublisher\KafkaChatPublisher.csproj", "{F2AB50A4-59C5-41C7-BE91-54FC8CFAAF7C}"
EndProject
Global
	GlobalSection(SolutionConfigurationPlatforms) = preSolution
		Debug|Any CPU = Debug|Any CPU
		Release|Any CPU = Release|Any CPU
	EndGlobalSection
	GlobalSection(ProjectConfigurationPlatforms) = postSolution
		{F2AB50A4-59C5-41C7-BE91-54FC8CFAAF7C}.Debug|Any CPU.ActiveCfg = Debug|Any CPU
		{F2AB50A4-59C5-41C7-BE91-54FC8CFAAF7C}.Debug|Any CPU.Build.0 = Debug|Any CPU
		{F2AB50A4-59C5-41C7-BE91-54FC8CFAAF7C}.Release|Any CPU.ActiveCfg = Release|Any CPU
		{F2AB50A4-59C5-41C7-BE91-54FC8CFAAF7C}.Release|Any CPU.Build.0 = Release|Any CPU
	EndGlobalSection
	GlobalSection(SolutionProperties) = preSolution
		HideSolutionNode = FALSE
	EndGlobalSection
	GlobalSection(ExtensibilityGlobals) = postSolution
		SolutionGuid = {BB1C9439-414B-4646-8D98-7B65DC817771}
	EndGlobalSection
EndGlobal
