
Microsoft Visual Studio Solution File, Format Version 12.00
# Visual Studio Version 17
VisualStudioVersion = 17.14.36203.30 d17.14
MinimumVisualStudioVersion = 10.0.40219.1
Project("{FAE04EC0-301F-11D3-BF4B-00C04F79EFBC}") = "ECommerceProductSearch", "ECommerceProductSearch\ECommerceProductSearch.csproj", "{F7E2BDA7-0AC3-4FF9-89ED-4E2504CF33B8}"
EndProject
Global
	GlobalSection(SolutionConfigurationPlatforms) = preSolution
		Debug|Any CPU = Debug|Any CPU
		Release|Any CPU = Release|Any CPU
	EndGlobalSection
	GlobalSection(ProjectConfigurationPlatforms) = postSolution
		{F7E2BDA7-0AC3-4FF9-89ED-4E2504CF33B8}.Debug|Any CPU.ActiveCfg = Debug|Any CPU
		{F7E2BDA7-0AC3-4FF9-89ED-4E2504CF33B8}.Debug|Any CPU.Build.0 = Debug|Any CPU
		{F7E2BDA7-0AC3-4FF9-89ED-4E2504CF33B8}.Release|Any CPU.ActiveCfg = Release|Any CPU
		{F7E2BDA7-0AC3-4FF9-89ED-4E2504CF33B8}.Release|Any CPU.Build.0 = Release|Any CPU
	EndGlobalSection
	GlobalSection(SolutionProperties) = preSolution
		HideSolutionNode = FALSE
	EndGlobalSection
	GlobalSection(ExtensibilityGlobals) = postSolution
		SolutionGuid = {C5924383-F820-49BD-AAC6-80037E9D72DA}
	EndGlobalSection
EndGlobal
